
Microsoft Visual Studio Solution File, Format Version 12.00
# Visual Studio Version 16
VisualStudioVersion = 16.0.31129.286
MinimumVisualStudioVersion = 10.0.40219.1
Project("{FAE04EC0-301F-11D3-BF4B-00C04F79EFBC}") = "vm_laba_2", "vm_laba_2\vm_laba_2.csproj", "{6FE771C2-73F0-4765-88AA-D8A466F42778}"
EndProject
Global
	GlobalSection(SolutionConfigurationPlatforms) = preSolution
		Debug|Any CPU = Debug|Any CPU
		Release|Any CPU = Release|Any CPU
	EndGlobalSection
	GlobalSection(ProjectConfigurationPlatforms) = postSolution
		{6FE771C2-73F0-4765-88AA-D8A466F42778}.Debug|Any CPU.ActiveCfg = Debug|Any CPU
		{6FE771C2-73F0-4765-88AA-D8A466F42778}.Debug|Any CPU.Build.0 = Debug|Any CPU
		{6FE771C2-73F0-4765-88AA-D8A466F42778}.Release|Any CPU.ActiveCfg = Release|Any CPU
		{6FE771C2-73F0-4765-88AA-D8A466F42778}.Release|Any CPU.Build.0 = Release|Any CPU
	EndGlobalSection
	GlobalSection(SolutionProperties) = preSolution
		HideSolutionNode = FALSE
	EndGlobalSection
	GlobalSection(ExtensibilityGlobals) = postSolution
		SolutionGuid = {5F94A8CA-E1E2-4693-B419-6F98CB5517A9}
	EndGlobalSection
EndGlobal
